
Microsoft Visual Studio Solution File, Format Version 12.00
# Visual Studio Version 17
VisualStudioVersion = 17.10.35122.118
MinimumVisualStudioVersion = 10.0.40219.1
Project("{9A19103F-16F7-4668-BE54-9A1E7A4F7556}") = "mars", "mars.csproj", "{9072DF9F-38CE-48B7-865C-EE84E4E51BFB}"
EndProject
Global
	GlobalSection(SolutionConfigurationPlatforms) = preSolution
		Debug|Any CPU = Debug|Any CPU
		Release|Any CPU = Release|Any CPU
	EndGlobalSection
	GlobalSection(ProjectConfigurationPlatforms) = postSolution
		{9072DF9F-38CE-48B7-865C-EE84E4E51BFB}.Debug|Any CPU.ActiveCfg = Debug|Any CPU
		{9072DF9F-38CE-48B7-865C-EE84E4E51BFB}.Debug|Any CPU.Build.0 = Debug|Any CPU
		{9072DF9F-38CE-48B7-865C-EE84E4E51BFB}.Release|Any CPU.ActiveCfg = Release|Any CPU
		{9072DF9F-38CE-48B7-865C-EE84E4E51BFB}.Release|Any CPU.Build.0 = Release|Any CPU
	EndGlobalSection
	GlobalSection(SolutionProperties) = preSolution
		HideSolutionNode = FALSE
	EndGlobalSection
	GlobalSection(ExtensibilityGlobals) = postSolution
		SolutionGuid = {4ABC19B3-CFF0-4005-859C-92E18FDD0855}
	EndGlobalSection
EndGlobal
